
Microsoft Visual Studio Solution File, Format Version 12.00
# Visual Studio Version 16
VisualStudioVersion = 16.0.31025.194
MinimumVisualStudioVersion = 10.0.40219.1
Project("{9A19103F-16F7-4668-BE54-9A1E7A4F7556}") = "DemoTools", "DemoTools\DemoTools.csproj", "{A63D57D1-5CF3-4FCC-A1A7-0016EB765FB2}"
EndProject
Project("{2150E333-8FDC-42A3-9474-1A3956D46DE8}") = "Modules", "Modules", "{FCDC47C3-EE5D-4CD2-B528-BE17718FDD88}"
EndProject
Project("{2150E333-8FDC-42A3-9474-1A3956D46DE8}") = "Applications", "Applications", "{4C71C0B8-0C54-4E84-B2F4-84F3E7A24653}"
EndProject
Project("{2150E333-8FDC-42A3-9474-1A3956D46DE8}") = "Main", "Main", "{8E4A4BBC-0179-4FDF-BE66-714C1FE24707}"
EndProject
Project("{9A19103F-16F7-4668-BE54-9A1E7A4F7556}") = "DemoTools.Modules.Main.Domain", "Modules\Main\DemoTools.Modules.Main.Domain\DemoTools.Modules.Main.Domain.csproj", "{9BB2C97B-CE88-4C98-ABDC-66BB5B893AA0}"
EndProject
Project("{2150E333-8FDC-42A3-9474-1A3956D46DE8}") = "Common", "Common", "{1CAD5412-A14E-4DD7-9ADE-012407A7551A}"
EndProject
Project("{9A19103F-16F7-4668-BE54-9A1E7A4F7556}") = "SX.Common.Domain", "Common\SX.Common.Domain\SX.Common.Domain.csproj", "{9F530E31-166A-428E-AE8B-78059311DAEF}"
EndProject
Project("{9A19103F-16F7-4668-BE54-9A1E7A4F7556}") = "SX.Common.Shared", "Common\SX.Common.Shared\SX.Common.Shared.csproj", "{526A9B6A-4FE3-42A9-837C-D7A156AF60D8}"
EndProject
Project("{9A19103F-16F7-4668-BE54-9A1E7A4F7556}") = "DemoTools.Modules.Main.Shared", "Modules\Main\DemoTools.Modules.Main.Shared\DemoTools.Modules.Main.Shared.csproj", "{5BE137A3-948A-4018-B122-8DFC233137EE}"
EndProject
Project("{9A19103F-16F7-4668-BE54-9A1E7A4F7556}") = "DemoTools.Modules.Main.Infrastructure", "Modules\Main\DemoTools.Modules.Main.Infrastructure\DemoTools.Modules.Main.Infrastructure.csproj", "{529687E3-287E-4241-BF7D-5EC42AEF9E60}"
EndProject
Project("{9A19103F-16F7-4668-BE54-9A1E7A4F7556}") = "SX.Common.Infrastructure", "Common\SX.Common.Infrastructure\SX.Common.Infrastructure.csproj", "{2DA24E34-456B-45A7-BEF7-746B558F1EE9}"
EndProject
Project("{9A19103F-16F7-4668-BE54-9A1E7A4F7556}") = "DemoTools.Modules.Main.Api", "Modules\Main\DemoTools.Modules.Main.Api\DemoTools.Modules.Main.Api.csproj", "{BCED7EAB-D10F-411A-8E5E-69BC2545EE49}"
EndProject
Project("{9A19103F-16F7-4668-BE54-9A1E7A4F7556}") = "SX.Common.Api", "Common\SX.Common.Api\SX.Common.Api.csproj", "{A0F48560-08B3-42E9-BCB6-3088339F04D5}"
EndProject
Project("{9A19103F-16F7-4668-BE54-9A1E7A4F7556}") = "DemoTools.Modules.Main.Tests", "Modules\Main\DemoTools.Modules.Main.Tests\DemoTools.Modules.Main.Tests.csproj", "{78FB6E11-A05A-4BF7-A507-5E5D4A5952A8}"
EndProject
Project("{2150E333-8FDC-42A3-9474-1A3956D46DE8}") = "MicroServices", "MicroServices", "{61F83226-5263-4875-8712-CEC7D59E06F8}"
EndProject
Project("{2150E333-8FDC-42A3-9474-1A3956D46DE8}") = "Authorization", "Authorization", "{BEF14522-50F5-47BF-9587-D9F401979402}"
EndProject
Project("{9A19103F-16F7-4668-BE54-9A1E7A4F7556}") = "DemoTools.Authorization.Domain", "MicroServices\Authorization\DemoTools.Authorization.Domain\DemoTools.Authorization.Domain.csproj", "{13E0CEAB-6EA2-40D9-8111-D3565F8B3033}"
EndProject
Project("{9A19103F-16F7-4668-BE54-9A1E7A4F7556}") = "DemoTools.Authorization.Infrastructure", "MicroServices\Authorization\DemoTools.Authorization.Infrastructure\DemoTools.Authorization.Infrastructure.csproj", "{D911D708-9827-4A15-809C-46A4EB9B2F91}"
EndProject
Project("{9A19103F-16F7-4668-BE54-9A1E7A4F7556}") = "DemoTools.Authorization.Api", "MicroServices\Authorization\DemoTools.Authorization.Api\DemoTools.Authorization.Api.csproj", "{14FD1639-4E72-44BC-9369-0B4EAF07A165}"
EndProject
Project("{9A19103F-16F7-4668-BE54-9A1E7A4F7556}") = "DemoTools.Authorization.Shared", "MicroServices\Authorization\DemoTools.Authorization.Shared\DemoTools.Authorization.Shared.csproj", "{6F41037C-8B90-4499-A8BC-D29B760C6DB1}"
EndProject
Project("{2150E333-8FDC-42A3-9474-1A3956D46DE8}") = "Records", "Records", "{AFC03EF0-5EE5-4659-AC9F-F27EB9DD743D}"
EndProject
Project("{9A19103F-16F7-4668-BE54-9A1E7A4F7556}") = "DemoTools.Records.Api", "MicroServices\Records\DemoTools.Records.Api\DemoTools.Records.Api.csproj", "{D9C53A89-1867-4E03-81B0-449C81001A7F}"
EndProject
Project("{9A19103F-16F7-4668-BE54-9A1E7A4F7556}") = "DemoTools.Records.Domain", "MicroServices\Records\DemoTools.Records.Domain\DemoTools.Records.Domain.csproj", "{75CC922F-6506-4045-B6A7-1F0CC16BBEE9}"
EndProject
Project("{9A19103F-16F7-4668-BE54-9A1E7A4F7556}") = "DemoTools.Records.Infrastructure", "MicroServices\Records\DemoTools.Records.Infrastructure\DemoTools.Records.Infrastructure.csproj", "{3AECE8BC-21AE-425D-B0E0-58BE31986873}"
EndProject
Project("{9A19103F-16F7-4668-BE54-9A1E7A4F7556}") = "DemoTools.Records.Shared", "MicroServices\Records\DemoTools.Records.Shared\DemoTools.Records.Shared.csproj", "{49C2A24B-8004-4295-A301-848BDF2EC22E}"
EndProject
Project("{9A19103F-16F7-4668-BE54-9A1E7A4F7556}") = "DemoTools.Authorization.Proxy", "MicroServices\Authorization\DemoTools.Authorization.Proxy\DemoTools.Authorization.Proxy.csproj", "{FD58B3A6-E2CC-42D9-8F68-D74E27902199}"
EndProject
Project("{9A19103F-16F7-4668-BE54-9A1E7A4F7556}") = "DemoTools.ApiGateWay", "Applications\DemoTools.ApiGateWay\DemoTools.ApiGateWay.csproj", "{5EBDB929-8406-4EB9-B88E-5919044DD7FC}"
EndProject
Project("{9A19103F-16F7-4668-BE54-9A1E7A4F7556}") = "DemoTools.ApiGW", "Applications\DemoTools.ApiGW\DemoTools.ApiGW.csproj", "{006A0376-F624-441F-A877-E05A0451FF66}"
EndProject
Project("{2150E333-8FDC-42A3-9474-1A3956D46DE8}") = "Solution Items", "Solution Items", "{5EF89AB0-F07B-4017-86BE-4AD34198B57C}"
	ProjectSection(SolutionItems) = preProject
		docker-compose.yml = docker-compose.yml
	EndProjectSection
EndProject
Project("{2150E333-8FDC-42A3-9474-1A3956D46DE8}") = "Sample", "Sample", "{5D2D8986-5C1D-4451-A0E6-AB248B7A7A16}"
EndProject
Project("{9A19103F-16F7-4668-BE54-9A1E7A4F7556}") = "DemoTools.Sample.Api", "MicroServices\Sample\DemoTools.Sample.Api\DemoTools.Sample.Api.csproj", "{17A3AB0F-107E-4A52-AB1C-07CE4C41C3DD}"
EndProject
Global
	GlobalSection(SolutionConfigurationPlatforms) = preSolution
		Debug|Any CPU = Debug|Any CPU
		Release|Any CPU = Release|Any CPU
	EndGlobalSection
	GlobalSection(ProjectConfigurationPlatforms) = postSolution
		{A63D57D1-5CF3-4FCC-A1A7-0016EB765FB2}.Debug|Any CPU.ActiveCfg = Debug|Any CPU
		{A63D57D1-5CF3-4FCC-A1A7-0016EB765FB2}.Debug|Any CPU.Build.0 = Debug|Any CPU
		{A63D57D1-5CF3-4FCC-A1A7-0016EB765FB2}.Release|Any CPU.ActiveCfg = Release|Any CPU
		{A63D57D1-5CF3-4FCC-A1A7-0016EB765FB2}.Release|Any CPU.Build.0 = Release|Any CPU
		{9BB2C97B-CE88-4C98-ABDC-66BB5B893AA0}.Debug|Any CPU.ActiveCfg = Debug|Any CPU
		{9BB2C97B-CE88-4C98-ABDC-66BB5B893AA0}.Debug|Any CPU.Build.0 = Debug|Any CPU
		{9BB2C97B-CE88-4C98-ABDC-66BB5B893AA0}.Release|Any CPU.ActiveCfg = Release|Any CPU
		{9BB2C97B-CE88-4C98-ABDC-66BB5B893AA0}.Release|Any CPU.Build.0 = Release|Any CPU
		{9F530E31-166A-428E-AE8B-78059311DAEF}.Debug|Any CPU.ActiveCfg = Debug|Any CPU
		{9F530E31-166A-428E-AE8B-78059311DAEF}.Debug|Any CPU.Build.0 = Debug|Any CPU
		{9F530E31-166A-428E-AE8B-78059311DAEF}.Release|Any CPU.ActiveCfg = Release|Any CPU
		{9F530E31-166A-428E-AE8B-78059311DAEF}.Release|Any CPU.Build.0 = Release|Any CPU
		{526A9B6A-4FE3-42A9-837C-D7A156AF60D8}.Debug|Any CPU.ActiveCfg = Debug|Any CPU
		{526A9B6A-4FE3-42A9-837C-D7A156AF60D8}.Debug|Any CPU.Build.0 = Debug|Any CPU
		{526A9B6A-4FE3-42A9-837C-D7A156AF60D8}.Release|Any CPU.ActiveCfg = Release|Any CPU
		{526A9B6A-4FE3-42A9-837C-D7A156AF60D8}.Release|Any CPU.Build.0 = Release|Any CPU
		{5BE137A3-948A-4018-B122-8DFC233137EE}.Debug|Any CPU.ActiveCfg = Debug|Any CPU
		{5BE137A3-948A-4018-B122-8DFC233137EE}.Debug|Any CPU.Build.0 = Debug|Any CPU
		{5BE137A3-948A-4018-B122-8DFC233137EE}.Release|Any CPU.ActiveCfg = Release|Any CPU
		{5BE137A3-948A-4018-B122-8DFC233137EE}.Release|Any CPU.Build.0 = Release|Any CPU
		{529687E3-287E-4241-BF7D-5EC42AEF9E60}.Debug|Any CPU.ActiveCfg = Debug|Any CPU
		{529687E3-287E-4241-BF7D-5EC42AEF9E60}.Debug|Any CPU.Build.0 = Debug|Any CPU
		{529687E3-287E-4241-BF7D-5EC42AEF9E60}.Release|Any CPU.ActiveCfg = Release|Any CPU
		{529687E3-287E-4241-BF7D-5EC42AEF9E60}.Release|Any CPU.Build.0 = Release|Any CPU
		{2DA24E34-456B-45A7-BEF7-746B558F1EE9}.Debug|Any CPU.ActiveCfg = Debug|Any CPU
		{2DA24E34-456B-45A7-BEF7-746B558F1EE9}.Debug|Any CPU.Build.0 = Debug|Any CPU
		{2DA24E34-456B-45A7-BEF7-746B558F1EE9}.Release|Any CPU.ActiveCfg = Release|Any CPU
		{2DA24E34-456B-45A7-BEF7-746B558F1EE9}.Release|Any CPU.Build.0 = Release|Any CPU
		{BCED7EAB-D10F-411A-8E5E-69BC2545EE49}.Debug|Any CPU.ActiveCfg = Debug|Any CPU
		{BCED7EAB-D10F-411A-8E5E-69BC2545EE49}.Debug|Any CPU.Build.0 = Debug|Any CPU
		{BCED7EAB-D10F-411A-8E5E-69BC2545EE49}.Release|Any CPU.ActiveCfg = Release|Any CPU
		{BCED7EAB-D10F-411A-8E5E-69BC2545EE49}.Release|Any CPU.Build.0 = Release|Any CPU
		{A0F48560-08B3-42E9-BCB6-3088339F04D5}.Debug|Any CPU.ActiveCfg = Debug|Any CPU
		{A0F48560-08B3-42E9-BCB6-3088339F04D5}.Debug|Any CPU.Build.0 = Debug|Any CPU
		{A0F48560-08B3-42E9-BCB6-3088339F04D5}.Release|Any CPU.ActiveCfg = Release|Any CPU
		{A0F48560-08B3-42E9-BCB6-3088339F04D5}.Release|Any CPU.Build.0 = Release|Any CPU
		{78FB6E11-A05A-4BF7-A507-5E5D4A5952A8}.Debug|Any CPU.ActiveCfg = Debug|Any CPU
		{78FB6E11-A05A-4BF7-A507-5E5D4A5952A8}.Debug|Any CPU.Build.0 = Debug|Any CPU
		{78FB6E11-A05A-4BF7-A507-5E5D4A5952A8}.Release|Any CPU.ActiveCfg = Release|Any CPU
		{78FB6E11-A05A-4BF7-A507-5E5D4A5952A8}.Release|Any CPU.Build.0 = Release|Any CPU
		{13E0CEAB-6EA2-40D9-8111-D3565F8B3033}.Debug|Any CPU.ActiveCfg = Debug|Any CPU
		{13E0CEAB-6EA2-40D9-8111-D3565F8B3033}.Debug|Any CPU.Build.0 = Debug|Any CPU
		{13E0CEAB-6EA2-40D9-8111-D3565F8B3033}.Release|Any CPU.ActiveCfg = Release|Any CPU
		{13E0CEAB-6EA2-40D9-8111-D3565F8B3033}.Release|Any CPU.Build.0 = Release|Any CPU
		{D911D708-9827-4A15-809C-46A4EB9B2F91}.Debug|Any CPU.ActiveCfg = Debug|Any CPU
		{D911D708-9827-4A15-809C-46A4EB9B2F91}.Debug|Any CPU.Build.0 = Debug|Any CPU
		{D911D708-9827-4A15-809C-46A4EB9B2F91}.Release|Any CPU.ActiveCfg = Release|Any CPU
		{D911D708-9827-4A15-809C-46A4EB9B2F91}.Release|Any CPU.Build.0 = Release|Any CPU
		{14FD1639-4E72-44BC-9369-0B4EAF07A165}.Debug|Any CPU.ActiveCfg = Debug|Any CPU
		{14FD1639-4E72-44BC-9369-0B4EAF07A165}.Debug|Any CPU.Build.0 = Debug|Any CPU
		{14FD1639-4E72-44BC-9369-0B4EAF07A165}.Release|Any CPU.ActiveCfg = Release|Any CPU
		{14FD1639-4E72-44BC-9369-0B4EAF07A165}.Release|Any CPU.Build.0 = Release|Any CPU
		{6F41037C-8B90-4499-A8BC-D29B760C6DB1}.Debug|Any CPU.ActiveCfg = Debug|Any CPU
		{6F41037C-8B90-4499-A8BC-D29B760C6DB1}.Debug|Any CPU.Build.0 = Debug|Any CPU
		{6F41037C-8B90-4499-A8BC-D29B760C6DB1}.Release|Any CPU.ActiveCfg = Release|Any CPU
		{6F41037C-8B90-4499-A8BC-D29B760C6DB1}.Release|Any CPU.Build.0 = Release|Any CPU
		{D9C53A89-1867-4E03-81B0-449C81001A7F}.Debug|Any CPU.ActiveCfg = Debug|Any CPU
		{D9C53A89-1867-4E03-81B0-449C81001A7F}.Debug|Any CPU.Build.0 = Debug|Any CPU
		{D9C53A89-1867-4E03-81B0-449C81001A7F}.Release|Any CPU.ActiveCfg = Release|Any CPU
		{D9C53A89-1867-4E03-81B0-449C81001A7F}.Release|Any CPU.Build.0 = Release|Any CPU
		{75CC922F-6506-4045-B6A7-1F0CC16BBEE9}.Debug|Any CPU.ActiveCfg = Debug|Any CPU
		{75CC922F-6506-4045-B6A7-1F0CC16BBEE9}.Debug|Any CPU.Build.0 = Debug|Any CPU
		{75CC922F-6506-4045-B6A7-1F0CC16BBEE9}.Release|Any CPU.ActiveCfg = Release|Any CPU
		{75CC922F-6506-4045-B6A7-1F0CC16BBEE9}.Release|Any CPU.Build.0 = Release|Any CPU
		{3AECE8BC-21AE-425D-B0E0-58BE31986873}.Debug|Any CPU.ActiveCfg = Debug|Any CPU
		{3AECE8BC-21AE-425D-B0E0-58BE31986873}.Debug|Any CPU.Build.0 = Debug|Any CPU
		{3AECE8BC-21AE-425D-B0E0-58BE31986873}.Release|Any CPU.ActiveCfg = Release|Any CPU
		{3AECE8BC-21AE-425D-B0E0-58BE31986873}.Release|Any CPU.Build.0 = Release|Any CPU
		{49C2A24B-8004-4295-A301-848BDF2EC22E}.Debug|Any CPU.ActiveCfg = Debug|Any CPU
		{49C2A24B-8004-4295-A301-848BDF2EC22E}.Debug|Any CPU.Build.0 = Debug|Any CPU
		{49C2A24B-8004-4295-A301-848BDF2EC22E}.Release|Any CPU.ActiveCfg = Release|Any CPU
		{49C2A24B-8004-4295-A301-848BDF2EC22E}.Release|Any CPU.Build.0 = Release|Any CPU
		{FD58B3A6-E2CC-42D9-8F68-D74E27902199}.Debug|Any CPU.ActiveCfg = Debug|Any CPU
		{FD58B3A6-E2CC-42D9-8F68-D74E27902199}.Debug|Any CPU.Build.0 = Debug|Any CPU
		{FD58B3A6-E2CC-42D9-8F68-D74E27902199}.Release|Any CPU.ActiveCfg = Release|Any CPU
		{FD58B3A6-E2CC-42D9-8F68-D74E27902199}.Release|Any CPU.Build.0 = Release|Any CPU
		{5EBDB929-8406-4EB9-B88E-5919044DD7FC}.Debug|Any CPU.ActiveCfg = Debug|Any CPU
		{5EBDB929-8406-4EB9-B88E-5919044DD7FC}.Debug|Any CPU.Build.0 = Debug|Any CPU
		{5EBDB929-8406-4EB9-B88E-5919044DD7FC}.Release|Any CPU.ActiveCfg = Release|Any CPU
		{5EBDB929-8406-4EB9-B88E-5919044DD7FC}.Release|Any CPU.Build.0 = Release|Any CPU
		{006A0376-F624-441F-A877-E05A0451FF66}.Debug|Any CPU.ActiveCfg = Debug|Any CPU
		{006A0376-F624-441F-A877-E05A0451FF66}.Debug|Any CPU.Build.0 = Debug|Any CPU
		{006A0376-F624-441F-A877-E05A0451FF66}.Release|Any CPU.ActiveCfg = Release|Any CPU
		{006A0376-F624-441F-A877-E05A0451FF66}.Release|Any CPU.Build.0 = Release|Any CPU
		{17A3AB0F-107E-4A52-AB1C-07CE4C41C3DD}.Debug|Any CPU.ActiveCfg = Debug|Any CPU
		{17A3AB0F-107E-4A52-AB1C-07CE4C41C3DD}.Debug|Any CPU.Build.0 = Debug|Any CPU
		{17A3AB0F-107E-4A52-AB1C-07CE4C41C3DD}.Release|Any CPU.ActiveCfg = Release|Any CPU
		{17A3AB0F-107E-4A52-AB1C-07CE4C41C3DD}.Release|Any CPU.Build.0 = Release|Any CPU
	EndGlobalSection
	GlobalSection(SolutionProperties) = preSolution
		HideSolutionNode = FALSE
	EndGlobalSection
	GlobalSection(NestedProjects) = preSolution
		{A63D57D1-5CF3-4FCC-A1A7-0016EB765FB2} = {4C71C0B8-0C54-4E84-B2F4-84F3E7A24653}
		{8E4A4BBC-0179-4FDF-BE66-714C1FE24707} = {FCDC47C3-EE5D-4CD2-B528-BE17718FDD88}
		{9BB2C97B-CE88-4C98-ABDC-66BB5B893AA0} = {8E4A4BBC-0179-4FDF-BE66-714C1FE24707}
		{9F530E31-166A-428E-AE8B-78059311DAEF} = {1CAD5412-A14E-4DD7-9ADE-012407A7551A}
		{526A9B6A-4FE3-42A9-837C-D7A156AF60D8} = {1CAD5412-A14E-4DD7-9ADE-012407A7551A}
		{5BE137A3-948A-4018-B122-8DFC233137EE} = {8E4A4BBC-0179-4FDF-BE66-714C1FE24707}
		{529687E3-287E-4241-BF7D-5EC42AEF9E60} = {8E4A4BBC-0179-4FDF-BE66-714C1FE24707}
		{2DA24E34-456B-45A7-BEF7-746B558F1EE9} = {1CAD5412-A14E-4DD7-9ADE-012407A7551A}
		{BCED7EAB-D10F-411A-8E5E-69BC2545EE49} = {8E4A4BBC-0179-4FDF-BE66-714C1FE24707}
		{A0F48560-08B3-42E9-BCB6-3088339F04D5} = {1CAD5412-A14E-4DD7-9ADE-012407A7551A}
		{78FB6E11-A05A-4BF7-A507-5E5D4A5952A8} = {8E4A4BBC-0179-4FDF-BE66-714C1FE24707}
		{BEF14522-50F5-47BF-9587-D9F401979402} = {61F83226-5263-4875-8712-CEC7D59E06F8}
		{13E0CEAB-6EA2-40D9-8111-D3565F8B3033} = {BEF14522-50F5-47BF-9587-D9F401979402}
		{D911D708-9827-4A15-809C-46A4EB9B2F91} = {BEF14522-50F5-47BF-9587-D9F401979402}
		{14FD1639-4E72-44BC-9369-0B4EAF07A165} = {BEF14522-50F5-47BF-9587-D9F401979402}
		{6F41037C-8B90-4499-A8BC-D29B760C6DB1} = {BEF14522-50F5-47BF-9587-D9F401979402}
		{AFC03EF0-5EE5-4659-AC9F-F27EB9DD743D} = {61F83226-5263-4875-8712-CEC7D59E06F8}
		{D9C53A89-1867-4E03-81B0-449C81001A7F} = {AFC03EF0-5EE5-4659-AC9F-F27EB9DD743D}
		{75CC922F-6506-4045-B6A7-1F0CC16BBEE9} = {AFC03EF0-5EE5-4659-AC9F-F27EB9DD743D}
		{3AECE8BC-21AE-425D-B0E0-58BE31986873} = {AFC03EF0-5EE5-4659-AC9F-F27EB9DD743D}
		{49C2A24B-8004-4295-A301-848BDF2EC22E} = {AFC03EF0-5EE5-4659-AC9F-F27EB9DD743D}
		{FD58B3A6-E2CC-42D9-8F68-D74E27902199} = {BEF14522-50F5-47BF-9587-D9F401979402}
		{5EBDB929-8406-4EB9-B88E-5919044DD7FC} = {4C71C0B8-0C54-4E84-B2F4-84F3E7A24653}
		{006A0376-F624-441F-A877-E05A0451FF66} = {4C71C0B8-0C54-4E84-B2F4-84F3E7A24653}
		{5D2D8986-5C1D-4451-A0E6-AB248B7A7A16} = {61F83226-5263-4875-8712-CEC7D59E06F8}
		{17A3AB0F-107E-4A52-AB1C-07CE4C41C3DD} = {5D2D8986-5C1D-4451-A0E6-AB248B7A7A16}
	EndGlobalSection
	GlobalSection(ExtensibilityGlobals) = postSolution
		SolutionGuid = {014F7746-CDD6-44C3-A367-4A223F9BC54B}
	EndGlobalSection
EndGlobal
