
Microsoft Visual Studio Solution File, Format Version 12.00
# Visual Studio Version 16
VisualStudioVersion = 16.0.31025.194
MinimumVisualStudioVersion = 10.0.40219.1
Project("{9A19103F-16F7-4668-BE54-9A1E7A4F7556}") = "DemoTools", "DemoTools\DemoTools.csproj", "{A63D57D1-5CF3-4FCC-A1A7-0016EB765FB2}"
EndProject
Project("{2150E333-8FDC-42A3-9474-1A3956D46DE8}") = "Modules", "Modules", "{FCDC47C3-EE5D-4CD2-B528-BE17718FDD88}"
EndProject
Project("{2150E333-8FDC-42A3-9474-1A3956D46DE8}") = "Applications", "Applications", "{4C71C0B8-0C54-4E84-B2F4-84F3E7A24653}"
EndProject
Project("{2150E333-8FDC-42A3-9474-1A3956D46DE8}") = "Main", "Main", "{8E4A4BBC-0179-4FDF-BE66-714C1FE24707}"
EndProject
Project("{9A19103F-16F7-4668-BE54-9A1E7A4F7556}") = "DemoTools.Modules.Main.Domain", "Modules\Main\DemoTools.Modules.Main.Domain\DemoTools.Modules.Main.Domain.csproj", "{9BB2C97B-CE88-4C98-ABDC-66BB5B893AA0}"
EndProject
Project("{2150E333-8FDC-42A3-9474-1A3956D46DE8}") = "Common", "Common", "{1CAD5412-A14E-4DD7-9ADE-012407A7551A}"
EndProject
Project("{9A19103F-16F7-4668-BE54-9A1E7A4F7556}") = "SX.Common.Domain", "Common\SX.Common.Domain\SX.Common.Domain.csproj", "{9F530E31-166A-428E-AE8B-78059311DAEF}"
EndProject
Project("{9A19103F-16F7-4668-BE54-9A1E7A4F7556}") = "SX.Common.Shared", "Common\SX.Common.Shared\SX.Common.Shared.csproj", "{526A9B6A-4FE3-42A9-837C-D7A156AF60D8}"
EndProject
Project("{9A19103F-16F7-4668-BE54-9A1E7A4F7556}") = "DemoTools.Modules.Main.Shared", "Modules\Main\DemoTools.Modules.Main.Shared\DemoTools.Modules.Main.Shared.csproj", "{5BE137A3-948A-4018-B122-8DFC233137EE}"
EndProject
Project("{9A19103F-16F7-4668-BE54-9A1E7A4F7556}") = "DemoTools.Modules.Main.Infrastructure", "Modules\Main\DemoTools.Modules.Main.Infrastructure\DemoTools.Modules.Main.Infrastructure.csproj", "{529687E3-287E-4241-BF7D-5EC42AEF9E60}"
EndProject
Project("{9A19103F-16F7-4668-BE54-9A1E7A4F7556}") = "SX.Common.Infrastructure", "Common\SX.Common.Infrastructure\SX.Common.Infrastructure.csproj", "{2DA24E34-456B-45A7-BEF7-746B558F1EE9}"
EndProject
Project("{9A19103F-16F7-4668-BE54-9A1E7A4F7556}") = "DemoTools.Modules.Main.Api", "Modules\Main\DemoTools.Modules.Main.Api\DemoTools.Modules.Main.Api.csproj", "{BCED7EAB-D10F-411A-8E5E-69BC2545EE49}"
EndProject
Project("{9A19103F-16F7-4668-BE54-9A1E7A4F7556}") = "SX.Common.Api", "Common\SX.Common.Api\SX.Common.Api.csproj", "{A0F48560-08B3-42E9-BCB6-3088339F04D5}"
EndProject
Project("{9A19103F-16F7-4668-BE54-9A1E7A4F7556}") = "DemoTools.Modules.Main.Tests", "Modules\Main\DemoTools.Modules.Main.Tests\DemoTools.Modules.Main.Tests.csproj", "{78FB6E11-A05A-4BF7-A507-5E5D4A5952A8}"
EndProject
Project("{2150E333-8FDC-42A3-9474-1A3956D46DE8}") = "MicroServices", "MicroServices", "{61F83226-5263-4875-8712-CEC7D59E06F8}"
EndProject
Project("{2150E333-8FDC-42A3-9474-1A3956D46DE8}") = "Authorization", "Authorization", "{BEF14522-50F5-47BF-9587-D9F401979402}"
EndProject
Project("{FAE04EC0-301F-11D3-BF4B-00C04F79EFBC}") = "DemoTools.Authorization.Api", "DemoTools.Authorization.Api\DemoTools.Authorization.Api.csproj", "{9763DD7F-7261-4BC8-BD7E-C2F67F786338}"
EndProject
Global
	GlobalSection(SolutionConfigurationPlatforms) = preSolution
		Debug|Any CPU = Debug|Any CPU
		Release|Any CPU = Release|Any CPU
	EndGlobalSection
	GlobalSection(ProjectConfigurationPlatforms) = postSolution
		{A63D57D1-5CF3-4FCC-A1A7-0016EB765FB2}.Debug|Any CPU.ActiveCfg = Debug|Any CPU
		{A63D57D1-5CF3-4FCC-A1A7-0016EB765FB2}.Debug|Any CPU.Build.0 = Debug|Any CPU
		{A63D57D1-5CF3-4FCC-A1A7-0016EB765FB2}.Release|Any CPU.ActiveCfg = Release|Any CPU
		{A63D57D1-5CF3-4FCC-A1A7-0016EB765FB2}.Release|Any CPU.Build.0 = Release|Any CPU
		{9BB2C97B-CE88-4C98-ABDC-66BB5B893AA0}.Debug|Any CPU.ActiveCfg = Debug|Any CPU
		{9BB2C97B-CE88-4C98-ABDC-66BB5B893AA0}.Debug|Any CPU.Build.0 = Debug|Any CPU
		{9BB2C97B-CE88-4C98-ABDC-66BB5B893AA0}.Release|Any CPU.ActiveCfg = Release|Any CPU
		{9BB2C97B-CE88-4C98-ABDC-66BB5B893AA0}.Release|Any CPU.Build.0 = Release|Any CPU
		{9F530E31-166A-428E-AE8B-78059311DAEF}.Debug|Any CPU.ActiveCfg = Debug|Any CPU
		{9F530E31-166A-428E-AE8B-78059311DAEF}.Debug|Any CPU.Build.0 = Debug|Any CPU
		{9F530E31-166A-428E-AE8B-78059311DAEF}.Release|Any CPU.ActiveCfg = Release|Any CPU
		{9F530E31-166A-428E-AE8B-78059311DAEF}.Release|Any CPU.Build.0 = Release|Any CPU
		{526A9B6A-4FE3-42A9-837C-D7A156AF60D8}.Debug|Any CPU.ActiveCfg = Debug|Any CPU
		{526A9B6A-4FE3-42A9-837C-D7A156AF60D8}.Debug|Any CPU.Build.0 = Debug|Any CPU
		{526A9B6A-4FE3-42A9-837C-D7A156AF60D8}.Release|Any CPU.ActiveCfg = Release|Any CPU
		{526A9B6A-4FE3-42A9-837C-D7A156AF60D8}.Release|Any CPU.Build.0 = Release|Any CPU
		{5BE137A3-948A-4018-B122-8DFC233137EE}.Debug|Any CPU.ActiveCfg = Debug|Any CPU
		{5BE137A3-948A-4018-B122-8DFC233137EE}.Debug|Any CPU.Build.0 = Debug|Any CPU
		{5BE137A3-948A-4018-B122-8DFC233137EE}.Release|Any CPU.ActiveCfg = Release|Any CPU
		{5BE137A3-948A-4018-B122-8DFC233137EE}.Release|Any CPU.Build.0 = Release|Any CPU
		{529687E3-287E-4241-BF7D-5EC42AEF9E60}.Debug|Any CPU.ActiveCfg = Debug|Any CPU
		{529687E3-287E-4241-BF7D-5EC42AEF9E60}.Debug|Any CPU.Build.0 = Debug|Any CPU
		{529687E3-287E-4241-BF7D-5EC42AEF9E60}.Release|Any CPU.ActiveCfg = Release|Any CPU
		{529687E3-287E-4241-BF7D-5EC42AEF9E60}.Release|Any CPU.Build.0 = Release|Any CPU
		{2DA24E34-456B-45A7-BEF7-746B558F1EE9}.Debug|Any CPU.ActiveCfg = Debug|Any CPU
		{2DA24E34-456B-45A7-BEF7-746B558F1EE9}.Debug|Any CPU.Build.0 = Debug|Any CPU
		{2DA24E34-456B-45A7-BEF7-746B558F1EE9}.Release|Any CPU.ActiveCfg = Release|Any CPU
		{2DA24E34-456B-45A7-BEF7-746B558F1EE9}.Release|Any CPU.Build.0 = Release|Any CPU
		{BCED7EAB-D10F-411A-8E5E-69BC2545EE49}.Debug|Any CPU.ActiveCfg = Debug|Any CPU
		{BCED7EAB-D10F-411A-8E5E-69BC2545EE49}.Debug|Any CPU.Build.0 = Debug|Any CPU
		{BCED7EAB-D10F-411A-8E5E-69BC2545EE49}.Release|Any CPU.ActiveCfg = Release|Any CPU
		{BCED7EAB-D10F-411A-8E5E-69BC2545EE49}.Release|Any CPU.Build.0 = Release|Any CPU
		{A0F48560-08B3-42E9-BCB6-3088339F04D5}.Debug|Any CPU.ActiveCfg = Debug|Any CPU
		{A0F48560-08B3-42E9-BCB6-3088339F04D5}.Debug|Any CPU.Build.0 = Debug|Any CPU
		{A0F48560-08B3-42E9-BCB6-3088339F04D5}.Release|Any CPU.ActiveCfg = Release|Any CPU
		{A0F48560-08B3-42E9-BCB6-3088339F04D5}.Release|Any CPU.Build.0 = Release|Any CPU
		{78FB6E11-A05A-4BF7-A507-5E5D4A5952A8}.Debug|Any CPU.ActiveCfg = Debug|Any CPU
		{78FB6E11-A05A-4BF7-A507-5E5D4A5952A8}.Debug|Any CPU.Build.0 = Debug|Any CPU
		{78FB6E11-A05A-4BF7-A507-5E5D4A5952A8}.Release|Any CPU.ActiveCfg = Release|Any CPU
		{78FB6E11-A05A-4BF7-A507-5E5D4A5952A8}.Release|Any CPU.Build.0 = Release|Any CPU
		{9763DD7F-7261-4BC8-BD7E-C2F67F786338}.Debug|Any CPU.ActiveCfg = Debug|Any CPU
		{9763DD7F-7261-4BC8-BD7E-C2F67F786338}.Debug|Any CPU.Build.0 = Debug|Any CPU
		{9763DD7F-7261-4BC8-BD7E-C2F67F786338}.Release|Any CPU.ActiveCfg = Release|Any CPU
		{9763DD7F-7261-4BC8-BD7E-C2F67F786338}.Release|Any CPU.Build.0 = Release|Any CPU
	EndGlobalSection
	GlobalSection(SolutionProperties) = preSolution
		HideSolutionNode = FALSE
	EndGlobalSection
	GlobalSection(NestedProjects) = preSolution
		{A63D57D1-5CF3-4FCC-A1A7-0016EB765FB2} = {4C71C0B8-0C54-4E84-B2F4-84F3E7A24653}
		{8E4A4BBC-0179-4FDF-BE66-714C1FE24707} = {FCDC47C3-EE5D-4CD2-B528-BE17718FDD88}
		{9BB2C97B-CE88-4C98-ABDC-66BB5B893AA0} = {8E4A4BBC-0179-4FDF-BE66-714C1FE24707}
		{9F530E31-166A-428E-AE8B-78059311DAEF} = {1CAD5412-A14E-4DD7-9ADE-012407A7551A}
		{526A9B6A-4FE3-42A9-837C-D7A156AF60D8} = {1CAD5412-A14E-4DD7-9ADE-012407A7551A}
		{5BE137A3-948A-4018-B122-8DFC233137EE} = {8E4A4BBC-0179-4FDF-BE66-714C1FE24707}
		{529687E3-287E-4241-BF7D-5EC42AEF9E60} = {8E4A4BBC-0179-4FDF-BE66-714C1FE24707}
		{2DA24E34-456B-45A7-BEF7-746B558F1EE9} = {1CAD5412-A14E-4DD7-9ADE-012407A7551A}
		{BCED7EAB-D10F-411A-8E5E-69BC2545EE49} = {8E4A4BBC-0179-4FDF-BE66-714C1FE24707}
		{A0F48560-08B3-42E9-BCB6-3088339F04D5} = {1CAD5412-A14E-4DD7-9ADE-012407A7551A}
		{78FB6E11-A05A-4BF7-A507-5E5D4A5952A8} = {8E4A4BBC-0179-4FDF-BE66-714C1FE24707}
		{BEF14522-50F5-47BF-9587-D9F401979402} = {61F83226-5263-4875-8712-CEC7D59E06F8}
		{9763DD7F-7261-4BC8-BD7E-C2F67F786338} = {BEF14522-50F5-47BF-9587-D9F401979402}
	EndGlobalSection
	GlobalSection(ExtensibilityGlobals) = postSolution
		SolutionGuid = {014F7746-CDD6-44C3-A367-4A223F9BC54B}
	EndGlobalSection
EndGlobal
